{
  "nodes": {
    "cargo-skyline-src": {
      "flake": false,
      "locked": {
        "lastModified": 1753542738,
        "narHash": "sha256-KCih4SSewBGCr+v0epXAOkhvkNi5ROxB1p4pOWCGjSA=",
        "owner": "jam1garner",
        "repo": "cargo-skyline",
        "rev": "d04ca0a3bdc6c24779c2528afa4303409413a252",
        "type": "github"
      },
      "original": {
        "owner": "jam1garner",
        "repo": "cargo-skyline",
        "type": "github"
      }
    },
    "crane": {
      "locked": {
        "lastModified": 1768319649,
        "narHash": "sha256-VFkNyxHxkqGp8gf8kfFMW1j6XeBy609kv6TE9uF/0Js=",
        "owner": "ipetkov",
        "repo": "crane",
        "rev": "4b6527687cfd20da3c2ef8287e01b74c2d6c705b",
        "type": "github"
      },
      "original": {
        "owner": "ipetkov",
        "ref": "v0.23.0",
        "repo": "crane",
        "type": "github"
      }
    },
    "fenix": {
      "inputs": {
        "nixpkgs": "nixpkgs",
        "rust-analyzer-src": "rust-analyzer-src"
      },
      "locked": {
        "lastModified": 1771485140,
        "narHash": "sha256-oFJv+Zp5AjQ9yDWlisGSD5OK20iz7v+hfedEdRg2/Aw=",
        "owner": "nix-community",
        "repo": "fenix",
        "rev": "f95b0cc3fffa5057e9d207afb98dda5178253380",
        "type": "github"
      },
      "original": {
        "owner": "nix-community",
        "repo": "fenix",
        "type": "github"
      }
    },
    "linkle-src": {
      "flake": false,
      "locked": {
        "lastModified": 1673260000,
        "narHash": "sha256-TmferB4oOto8xSx7VZKJKqDSYIAPKfkEaScUYSOL/0Q=",
        "owner": "MegatonHammer",
        "repo": "linkle",
        "rev": "51e00fa41f9f5c0f44d4489ac7cff83a1b17a549",
        "type": "github"
      },
      "original": {
        "owner": "MegatonHammer",
        "repo": "linkle",
        "type": "github"
      }
    },
    "nixpkgs": {
      "locked": {
        "lastModified": 1771369470,
        "narHash": "sha256-0NBlEBKkN3lufyvFegY4TYv5mCNHbi5OmBDrzihbBMQ=",
        "owner": "nixos",
        "repo": "nixpkgs",
        "rev": "0182a361324364ae3f436a63005877674cf45efb",
        "type": "github"
      },
      "original": {
        "owner": "nixos",
        "ref": "nixos-unstable",
        "repo": "nixpkgs",
        "type": "github"
      }
    },
    "nixpkgs_2": {
      "locked": {
        "lastModified": 1771369470,
        "narHash": "sha256-0NBlEBKkN3lufyvFegY4TYv5mCNHbi5OmBDrzihbBMQ=",
        "owner": "nixos",
        "repo": "nixpkgs",
        "rev": "0182a361324364ae3f436a63005877674cf45efb",
        "type": "github"
      },
      "original": {
        "owner": "nixos",
        "ref": "nixos-unstable",
        "repo": "nixpkgs",
        "type": "github"
      }
    },
    "root": {
      "inputs": {
        "cargo-skyline-src": "cargo-skyline-src",
        "crane": "crane",
        "fenix": "fenix",
        "linkle-src": "linkle-src",
        "nixpkgs": "nixpkgs_2"
      }
    },
    "rust-analyzer-src": {
      "flake": false,
      "locked": {
        "lastModified": 1771444642,
        "narHash": "sha256-ztRHVn93XOfYZNnGYyNadFdR8gp3Xi2JKDKwBzb0ApI=",
        "owner": "rust-lang",
        "repo": "rust-analyzer",
        "rev": "70f44024cc9d92c56df79832d81775cb99dc2e21",
        "type": "github"
      },
      "original": {
        "owner": "rust-lang",
        "ref": "nightly",
        "repo": "rust-analyzer",
        "type": "github"
      }
    }
  },
  "root": "root",
  "version": 7
}
